
Microsoft Visual Studio Solution File, Format Version 12.00
# Visual Studio 15
VisualStudioVersion = 15.0.26228.4
MinimumVisualStudioVersion = 10.0.40219.1
Project("{FAE04EC0-301F-11D3-BF4B-00C04F79EFBC}") = "Api", "api\Api.csproj", "{746E2A4D-600A-447A-845F-9B4F5B66CECB}"
EndProject
Project("{FAE04EC0-301F-11D3-BF4B-00C04F79EFBC}") = "Util", "Util\Util.csproj", "{6AEFE029-2310-42E0-9853-9200EC6165B2}"
EndProject
Project("{FAE04EC0-301F-11D3-BF4B-00C04F79EFBC}") = "Dal", "Dal\Dal.csproj", "{222EF856-C943-45DC-9BAD-1F42168A0E96}"
EndProject
Project("{FAE04EC0-301F-11D3-BF4B-00C04F79EFBC}") = "Test", "Test\Test.csproj", "{BDDF89DC-5337-4897-B492-17173B1513D8}"
EndProject
Global
	GlobalSection(SolutionConfigurationPlatforms) = preSolution
		Debug|Any CPU = Debug|Any CPU
		Release|Any CPU = Release|Any CPU
	EndGlobalSection
	GlobalSection(ProjectConfigurationPlatforms) = postSolution
		{746E2A4D-600A-447A-845F-9B4F5B66CECB}.Debug|Any CPU.ActiveCfg = Debug|Any CPU
		{746E2A4D-600A-447A-845F-9B4F5B66CECB}.Debug|Any CPU.Build.0 = Debug|Any CPU
		{746E2A4D-600A-447A-845F-9B4F5B66CECB}.Release|Any CPU.ActiveCfg = Release|Any CPU
		{746E2A4D-600A-447A-845F-9B4F5B66CECB}.Release|Any CPU.Build.0 = Release|Any CPU
		{6AEFE029-2310-42E0-9853-9200EC6165B2}.Debug|Any CPU.ActiveCfg = Debug|Any CPU
		{6AEFE029-2310-42E0-9853-9200EC6165B2}.Debug|Any CPU.Build.0 = Debug|Any CPU
		{6AEFE029-2310-42E0-9853-9200EC6165B2}.Release|Any CPU.ActiveCfg = Release|Any CPU
		{6AEFE029-2310-42E0-9853-9200EC6165B2}.Release|Any CPU.Build.0 = Release|Any CPU
		{222EF856-C943-45DC-9BAD-1F42168A0E96}.Debug|Any CPU.ActiveCfg = Debug|Any CPU
		{222EF856-C943-45DC-9BAD-1F42168A0E96}.Debug|Any CPU.Build.0 = Debug|Any CPU
		{222EF856-C943-45DC-9BAD-1F42168A0E96}.Release|Any CPU.ActiveCfg = Release|Any CPU
		{222EF856-C943-45DC-9BAD-1F42168A0E96}.Release|Any CPU.Build.0 = Release|Any CPU
		{BDDF89DC-5337-4897-B492-17173B1513D8}.Debug|Any CPU.ActiveCfg = Debug|Any CPU
		{BDDF89DC-5337-4897-B492-17173B1513D8}.Debug|Any CPU.Build.0 = Debug|Any CPU
		{BDDF89DC-5337-4897-B492-17173B1513D8}.Release|Any CPU.ActiveCfg = Release|Any CPU
		{BDDF89DC-5337-4897-B492-17173B1513D8}.Release|Any CPU.Build.0 = Release|Any CPU
	EndGlobalSection
	GlobalSection(SolutionProperties) = preSolution
		HideSolutionNode = FALSE
	EndGlobalSection
EndGlobal
